
Microsoft Visual Studio Solution File, Format Version 12.00
# Visual Studio Version 17
VisualStudioVersion = 17.0.31903.59
MinimumVisualStudioVersion = 10.0.40219.1
Project("{FAE04EC0-301F-11D3-BF4B-00C04F79EFBC}") = "CartoonCaps.Referral.Api", "CartoonCaps.Referral.Api\CartoonCaps.Referral.Api.csproj", "{0716783B-9F1E-4483-B717-4DBD05CDD202}"
EndProject
Project("{FAE04EC0-301F-11D3-BF4B-00C04F79EFBC}") = "CartoonCaps.Referral.Api.Tests", "CartoonCaps.Referral.Api.Tests\CartoonCaps.Referral.Api.Tests.csproj", "{C7199A23-BD3E-44BB-9716-79991F1DC184}"
EndProject
Global
	GlobalSection(SolutionConfigurationPlatforms) = preSolution
		Debug|Any CPU = Debug|Any CPU
		Release|Any CPU = Release|Any CPU
	EndGlobalSection
	GlobalSection(SolutionProperties) = preSolution
		HideSolutionNode = FALSE
	EndGlobalSection
	GlobalSection(ProjectConfigurationPlatforms) = postSolution
		{0716783B-9F1E-4483-B717-4DBD05CDD202}.Debug|Any CPU.ActiveCfg = Debug|Any CPU
		{0716783B-9F1E-4483-B717-4DBD05CDD202}.Debug|Any CPU.Build.0 = Debug|Any CPU
		{0716783B-9F1E-4483-B717-4DBD05CDD202}.Release|Any CPU.ActiveCfg = Release|Any CPU
		{0716783B-9F1E-4483-B717-4DBD05CDD202}.Release|Any CPU.Build.0 = Release|Any CPU
		{C7199A23-BD3E-44BB-9716-79991F1DC184}.Debug|Any CPU.ActiveCfg = Debug|Any CPU
		{C7199A23-BD3E-44BB-9716-79991F1DC184}.Debug|Any CPU.Build.0 = Debug|Any CPU
		{C7199A23-BD3E-44BB-9716-79991F1DC184}.Release|Any CPU.ActiveCfg = Release|Any CPU
		{C7199A23-BD3E-44BB-9716-79991F1DC184}.Release|Any CPU.Build.0 = Release|Any CPU
	EndGlobalSection
EndGlobal
